
Microsoft Visual Studio Solution File, Format Version 12.00
# Visual Studio Version 16
VisualStudioVersion = 16.0.29609.76
MinimumVisualStudioVersion = 10.0.40219.1
Project("{FAE04EC0-301F-11D3-BF4B-00C04F79EFBC}") = "McDoop.DeviceApp.ConsoleApp", "McDoop.DeviceApp.ConsoleApp\McDoop.DeviceApp.ConsoleApp.csproj", "{59409F5C-AD40-45BE-85EC-A05084D6FBA3}"
EndProject
Project("{FAE04EC0-301F-11D3-BF4B-00C04F79EFBC}") = "McDoop.EventHub.Sender", "McDoop.EventHub.Sender\McDoop.EventHub.Sender.csproj", "{C59033DB-8F3D-44FB-8EAF-359726823450}"
EndProject
Global
	GlobalSection(SolutionConfigurationPlatforms) = preSolution
		Debug|Any CPU = Debug|Any CPU
		Release|Any CPU = Release|Any CPU
	EndGlobalSection
	GlobalSection(ProjectConfigurationPlatforms) = postSolution
		{59409F5C-AD40-45BE-85EC-A05084D6FBA3}.Debug|Any CPU.ActiveCfg = Debug|Any CPU
		{59409F5C-AD40-45BE-85EC-A05084D6FBA3}.Debug|Any CPU.Build.0 = Debug|Any CPU
		{59409F5C-AD40-45BE-85EC-A05084D6FBA3}.Release|Any CPU.ActiveCfg = Release|Any CPU
		{59409F5C-AD40-45BE-85EC-A05084D6FBA3}.Release|Any CPU.Build.0 = Release|Any CPU
		{C59033DB-8F3D-44FB-8EAF-359726823450}.Debug|Any CPU.ActiveCfg = Debug|Any CPU
		{C59033DB-8F3D-44FB-8EAF-359726823450}.Debug|Any CPU.Build.0 = Debug|Any CPU
		{C59033DB-8F3D-44FB-8EAF-359726823450}.Release|Any CPU.ActiveCfg = Release|Any CPU
		{C59033DB-8F3D-44FB-8EAF-359726823450}.Release|Any CPU.Build.0 = Release|Any CPU
	EndGlobalSection
	GlobalSection(SolutionProperties) = preSolution
		HideSolutionNode = FALSE
	EndGlobalSection
	GlobalSection(ExtensibilityGlobals) = postSolution
		SolutionGuid = {1F081715-0C42-4A98-A220-2A323C94019C}
	EndGlobalSection
EndGlobal
